# This file was autogenerated by Stack.
# You should not edit this file by hand.
# For more information, please see the documentation at:
#   https://docs.haskellstack.org/en/stable/lock_files

packages:
- completed:
    hackage: accelerate-1.2.0.1@sha256:bb1928efe602545df4043692916ed427c959110cbd678d03c3f9c3be25d1ae88,20112
    pantry-tree:
      size: 10790
      sha256: 8a4fbbb91a5a4ff77ebcc8f65ab5288874127f5f2e86304fad1b4c5d8186af5e
  original:
    hackage: accelerate-1.2.0.1
- completed:
    hackage: accelerate-io-1.2.0.0@sha256:38c70d38ec7ea48b5b8cf1c5e6add0a3285db95593d844243bccb0702e201e71,3556
    pantry-tree:
      size: 1911
      sha256: 1540bba87fec735d25597d34259a3e53ba7e5e2a910c5355d5541c0f4141b0cf
  original:
    hackage: accelerate-io-1.2.0.0
- completed:
    hackage: accelerate-llvm-1.2.0.1@sha256:e794b1abfea5424671d84d5d69bb9ccf468af9adaa481f9adaa78c42538a9cda,7206
    pantry-tree:
      size: 5092
      sha256: 0328dda508b97c14ed2731f61796fe5140abb3e5038ed7ac244e3be256dd8d0b
  original:
    hackage: accelerate-llvm-1.2.0.1
- completed:
    hackage: accelerate-llvm-native-1.2.0.1@sha256:d98c01bc08c6923270e50c5f032f3f816ceee4daddee98ced6e2f2440889f03f,7282
    pantry-tree:
      size: 3808
      sha256: 3b97b110d7a5b3f2b8774f8064041be98a26340e2b8d715433ec88b0dcda2007
  original:
    hackage: accelerate-llvm-native-1.2.0.1
- completed:
    hackage: colour-accelerate-0.3.0.0@sha256:968922b620c5ffc4365df2b33e7ff273e6ae77611a7be3db43d8a4d11b4f7fd5,1866
    pantry-tree:
      size: 14788
      sha256: 7b43107775b3f8c891053222acb80406a51fb069176b0dfb6ea9b1d3affd3230
  original:
    hackage: colour-accelerate-0.3.0.0
- completed:
    hackage: hedgehog-1.0@sha256:440dafedac48a34eac3871f8622b215462cfc0708536cb0458b7a8cf38247c69,4463
    pantry-tree:
      size: 2409
      sha256: 985f5ddc16bc1fd4b0c33d4b4e6f54d205fc63aa97b5912b0fcb370dc2a672e3
  original:
    hackage: hedgehog-1.0
- completed:
    hackage: llvm-hs-8.0.0@sha256:bca4c990e355cb4d2ed02d22dd076fe84ffc76f7b5330797c54ff449037a9efc,8700
    pantry-tree:
      size: 13599
      sha256: 9c3b4bce92757a26cf7cb7981eae1f5ed3dbf9c64fbace19e2d65175d031b97c
  original:
    hackage: llvm-hs-8.0.0
- completed:
    hackage: llvm-hs-pure-8.0.0@sha256:8ccfdbbf0a5678f56d88f3e623da8e0e2937439988e06021cfd6874adf29226c,2945
    pantry-tree:
      size: 2601
      sha256: 2f59a247f6b9571627575e4ac5ea8a33aac6f1eb5ee8537f9e26fd7a4cbf1e28
  original:
    hackage: llvm-hs-pure-8.0.0
- completed:
    hackage: tasty-hedgehog-1.0.0.1@sha256:cdcf60a29195bd0d819d3018c11db2e0deb7c6e559ad940c49409a5a7a982f83,1766
    pantry-tree:
      size: 330
      sha256: 7c26d9584f8ad1a86d9f5cbd6f5a8b81219eaee992e5a098ddab29a6c0b4b2bf
  original:
    hackage: tasty-hedgehog-1.0.0.1
snapshots:
- completed:
    size: 491155
    url: https://raw.githubusercontent.com/commercialhaskell/stackage-snapshots/master/lts/13/0.yaml
    sha256: 8d3c33e0feab8e04b9ed31452e0219a2b827ed1338c809f79d986c71a177e6ba
  original: lts-13.0
