# This file was autogenerated by Stack.
# You should not edit this file by hand.
# For more information, please see the documentation at:
#   https://docs.haskellstack.org/en/stable/lock_files

packages:
- completed:
    hackage: massiv-0.4.4.0@sha256:8db99aa31d9e8c91308df6f49e7ddeb0613a1b58bf0d548f767bc806d15ead46,4611
    pantry-tree:
      size: 3783
      sha256: 97ef52bb808bcd5792efa6ff26fdb2ecff97b37be97f8a9c771a9dcb277da5d3
  original:
    hackage: massiv-0.4.4.0
- completed:
    hackage: massiv-io-0.1.9.0@sha256:7d15c0a4d4145e123303048d058da2a80c3761a0eca7b17bac754ed6a4aaa87d,2345
    pantry-tree:
      size: 1431
      sha256: 7c709e618e4c686846f55812e3f1790f490616fb25f4e395a55aa1f1884ef1d4
  original:
    hackage: massiv-io-0.1.9.0
- completed:
    hackage: scheduler-1.4.2@sha256:bad577cefa39840f2f09c43b900868ad7d2d5d50e24d014e1d5087044a4394c3,2888
    pantry-tree:
      size: 838
      sha256: 1e99e36b4624515456e1284d27be7de9a55e1c25d27df3f07eb56a2518b72600
  original:
    hackage: scheduler-1.4.2
snapshots:
- completed:
    size: 524127
    url: https://raw.githubusercontent.com/commercialhaskell/stackage-snapshots/master/lts/14/6.yaml
    sha256: dc70dfb45e2c32f54719819bd055f46855dd4b3bd2e58b9f3f38729a2d553fbb
  original: lts-14.6
